
Microsoft Visual Studio Solution File, Format Version 12.00
Project("{FAE04EC0-301F-11D3-BF4B-00C04F79EFBC}") = "MessageProducerSdk", "MessageProducerSdk\MessageProducerSdk.csproj", "{B17714E8-F6CE-4B6A-B694-F409D9A17F83}"
EndProject
Project("{FAE04EC0-301F-11D3-BF4B-00C04F79EFBC}") = "MessageConsumerSdk", "..\..\message-consumer-sdk\MessageConsumerSdk\MessageConsumerSdk\MessageConsumerSdk.csproj", "{1512D63E-3C5D-4286-B024-941C5A9C31DF}"
EndProject
Global
	GlobalSection(SolutionConfigurationPlatforms) = preSolution
		Debug|Any CPU = Debug|Any CPU
		Release|Any CPU = Release|Any CPU
	EndGlobalSection
	GlobalSection(ProjectConfigurationPlatforms) = postSolution
		{B17714E8-F6CE-4B6A-B694-F409D9A17F83}.Debug|Any CPU.ActiveCfg = Debug|Any CPU
		{B17714E8-F6CE-4B6A-B694-F409D9A17F83}.Debug|Any CPU.Build.0 = Debug|Any CPU
		{B17714E8-F6CE-4B6A-B694-F409D9A17F83}.Release|Any CPU.ActiveCfg = Release|Any CPU
		{B17714E8-F6CE-4B6A-B694-F409D9A17F83}.Release|Any CPU.Build.0 = Release|Any CPU
		{1512D63E-3C5D-4286-B024-941C5A9C31DF}.Debug|Any CPU.ActiveCfg = Debug|Any CPU
		{1512D63E-3C5D-4286-B024-941C5A9C31DF}.Debug|Any CPU.Build.0 = Debug|Any CPU
		{1512D63E-3C5D-4286-B024-941C5A9C31DF}.Release|Any CPU.ActiveCfg = Release|Any CPU
		{1512D63E-3C5D-4286-B024-941C5A9C31DF}.Release|Any CPU.Build.0 = Release|Any CPU
	EndGlobalSection
EndGlobal
